// !$*UTF8*$!
{
	archiveVersion = 1;
	classes = {
	};
	objectVersion = 56;
	objects = {

/* Begin PBXBuildFile section */
		0E32D80A2A1AAF1E003B49D9 /* AppDelegate.swift in Sources */ = {isa = PBXBuildFile; fileRef = 0E32D8092A1AAF1E003B49D9 /* AppDelegate.swift */; };
		0E32D80C2A1AAF1E003B49D9 /* SceneDelegate.swift in Sources */ = {isa = PBXBuildFile; fileRef = 0E32D80B2A1AAF1E003B49D9 /* SceneDelegate.swift */; };
		0E32D80E2A1AAF1E003B49D9 /* ViewController.swift in Sources */ = {isa = PBXBuildFile; fileRef = 0E32D80D2A1AAF1E003B49D9 /* ViewController.swift */; };
		0E32D8112A1AAF1E003B49D9 /* Main.storyboard in Resources */ = {isa = PBXBuildFile; fileRef = 0E32D80F2A1AAF1E003B49D9 /* Main.storyboard */; };
		0E32D8142A1AAF1E003B49D9 /* iSport.xcdatamodeld in Sources */ = {isa = PBXBuildFile; fileRef = 0E32D8122A1AAF1E003B49D9 /* iSport.xcdatamodeld */; };
		0E32D8162A1AAF20003B49D9 /* Assets.xcassets in Resources */ = {isa = PBXBuildFile; fileRef = 0E32D8152A1AAF20003B49D9 /* Assets.xcassets */; };
		0E32D8192A1AAF20003B49D9 /* LaunchScreen.storyboard in Resources */ = {isa = PBXBuildFile; fileRef = 0E32D8172A1AAF20003B49D9 /* LaunchScreen.storyboard */; };
		0E32D8242A1AAF21003B49D9 /* iSportTests.swift in Sources */ = {isa = PBXBuildFile; fileRef = 0E32D8232A1AAF21003B49D9 /* iSportTests.swift */; };
		0E32D82E2A1AAF21003B49D9 /* iSportUITests.swift in Sources */ = {isa = PBXBuildFile; fileRef = 0E32D82D2A1AAF21003B49D9 /* iSportUITests.swift */; };
		0E32D8302A1AAF21003B49D9 /* iSportUITestsLaunchTests.swift in Sources */ = {isa = PBXBuildFile; fileRef = 0E32D82F2A1AAF21003B49D9 /* iSportUITestsLaunchTests.swift */; };
		0E32D83F2A1AB5F0003B49D9 /* NetworkService.swift in Sources */ = {isa = PBXBuildFile; fileRef = 0E32D83E2A1AB5F0003B49D9 /* NetworkService.swift */; };
		0E32D8432A1ABA77003B49D9 /* AllLeagues.swift in Sources */ = {isa = PBXBuildFile; fileRef = 0E32D8422A1ABA77003B49D9 /* AllLeagues.swift */; };
/* End PBXBuildFile section */

/* Begin PBXContainerItemProxy section */
		0E32D8202A1AAF21003B49D9 /* PBXContainerItemProxy */ = {
			isa = PBXContainerItemProxy;
			containerPortal = 0E32D7FE2A1AAF1E003B49D9 /* Project object */;
			proxyType = 1;
			remoteGlobalIDString = 0E32D8052A1AAF1E003B49D9;
			remoteInfo = iSport;
		};
		0E32D82A2A1AAF21003B49D9 /* PBXContainerItemProxy */ = {
			isa = PBXContainerItemProxy;
			containerPortal = 0E32D7FE2A1AAF1E003B49D9 /* Project object */;
			proxyType = 1;
			remoteGlobalIDString = 0E32D8052A1AAF1E003B49D9;
			remoteInfo = iSport;
		};
/* End PBXContainerItemProxy section */

/* Begin PBXFileReference section */
		0E32D8062A1AAF1E003B49D9 /* iSport.app */ = {isa = PBXFileReference; explicitFileType = wrapper.application; includeInIndex = 0; path = iSport.app; sourceTree = BUILT_PRODUCTS_DIR; };
		0E32D8092A1AAF1E003B49D9 /* AppDelegate.swift */ = {isa = PBXFileReference; lastKnownFileType = sourcecode.swift; path = AppDelegate.swift; sourceTree = "<group>"; };
		0E32D80B2A1AAF1E003B49D9 /* SceneDelegate.swift */ = {isa = PBXFileReference; lastKnownFileType = sourcecode.swift; path = SceneDelegate.swift; sourceTree = "<group>"; };
		0E32D80D2A1AAF1E003B49D9 /* ViewController.swift */ = {isa = PBXFileReference; lastKnownFileType = sourcecode.swift; path = ViewController.swift; sourceTree = "<group>"; };
		0E32D8102A1AAF1E003B49D9 /* Base */ = {isa = PBXFileReference; lastKnownFileType = file.storyboard; name = Base; path = Base.lproj/Main.storyboard; sourceTree = "<group>"; };
		0E32D8132A1AAF1E003B49D9 /* iSport.xcdatamodel */ = {isa = PBXFileReference; lastKnownFileType = wrapper.xcdatamodel; path = iSport.xcdatamodel; sourceTree = "<group>"; };
		0E32D8152A1AAF20003B49D9 /* Assets.xcassets */ = {isa = PBXFileReference; lastKnownFileType = folder.assetcatalog; path = Assets.xcassets; sourceTree = "<group>"; };
		0E32D8182A1AAF20003B49D9 /* Base */ = {isa = PBXFileReference; lastKnownFileType = file.storyboard; name = Base; path = Base.lproj/LaunchScreen.storyboard; sourceTree = "<group>"; };
		0E32D81A2A1AAF20003B49D9 /* Info.plist */ = {isa = PBXFileReference; lastKnownFileType = text.plist.xml; path = Info.plist; sourceTree = "<group>"; };
		0E32D81F2A1AAF21003B49D9 /* iSportTests.xctest */ = {isa = PBXFileReference; explicitFileType = wrapper.cfbundle; includeInIndex = 0; path = iSportTests.xctest; sourceTree = BUILT_PRODUCTS_DIR; };
		0E32D8232A1AAF21003B49D9 /* iSportTests.swift */ = {isa = PBXFileReference; lastKnownFileType = sourcecode.swift; path = iSportTests.swift; sourceTree = "<group>"; };
		0E32D8292A1AAF21003B49D9 /* iSportUITests.xctest */ = {isa = PBXFileReference; explicitFileType = wrapper.cfbundle; includeInIndex = 0; path = iSportUITests.xctest; sourceTree = BUILT_PRODUCTS_DIR; };
		0E32D82D2A1AAF21003B49D9 /* iSportUITests.swift */ = {isa = PBXFileReference; lastKnownFileType = sourcecode.swift; path = iSportUITests.swift; sourceTree = "<group>"; };
		0E32D82F2A1AAF21003B49D9 /* iSportUITestsLaunchTests.swift */ = {isa = PBXFileReference; lastKnownFileType = sourcecode.swift; path = iSportUITestsLaunchTests.swift; sourceTree = "<group>"; };
		0E32D83E2A1AB5F0003B49D9 /* NetworkService.swift */ = {isa = PBXFileReference; lastKnownFileType = sourcecode.swift; path = NetworkService.swift; sourceTree = "<group>"; };
		0E32D8422A1ABA77003B49D9 /* AllLeagues.swift */ = {isa = PBXFileReference; lastKnownFileType = sourcecode.swift; path = AllLeagues.swift; sourceTree = "<group>"; };
/* End PBXFileReference section */

/* Begin PBXFrameworksBuildPhase section */
		0E32D8032A1AAF1E003B49D9 /* Frameworks */ = {
			isa = PBXFrameworksBuildPhase;
			buildActionMask = 2147483647;
			files = (
			);
			runOnlyForDeploymentPostprocessing = 0;
		};
		0E32D81C2A1AAF21003B49D9 /* Frameworks */ = {
			isa = PBXFrameworksBuildPhase;
			buildActionMask = 2147483647;
			files = (
			);
			runOnlyForDeploymentPostprocessing = 0;
		};
		0E32D8262A1AAF21003B49D9 /* Frameworks */ = {
			isa = PBXFrameworksBuildPhase;
			buildActionMask = 2147483647;
			files = (
			);
			runOnlyForDeploymentPostprocessing = 0;
		};
/* End PBXFrameworksBuildPhase section */

/* Begin PBXGroup section */
		0E32D7FD2A1AAF1E003B49D9 = {
			isa = PBXGroup;
			children = (
				0E32D8082A1AAF1E003B49D9 /* iSport */,
				0E32D8222A1AAF21003B49D9 /* iSportTests */,
				0E32D82C2A1AAF21003B49D9 /* iSportUITests */,
				0E32D8072A1AAF1E003B49D9 /* Products */,
			);
			sourceTree = "<group>";
		};
		0E32D8072A1AAF1E003B49D9 /* Products */ = {
			isa = PBXGroup;
			children = (
				0E32D8062A1AAF1E003B49D9 /* iSport.app */,
				0E32D81F2A1AAF21003B49D9 /* iSportTests.xctest */,
				0E32D8292A1AAF21003B49D9 /* iSportUITests.xctest */,
			);
			name = Products;
			sourceTree = "<group>";
		};
		0E32D8082A1AAF1E003B49D9 /* iSport */ = {
			isa = PBXGroup;
			children = (
				0E32D8402A1ABA34003B49D9 /* Model */,
				0E32D83C2A1AB5AE003B49D9 /* Services */,
				0E32D8092A1AAF1E003B49D9 /* AppDelegate.swift */,
				0E32D80B2A1AAF1E003B49D9 /* SceneDelegate.swift */,
				0E32D80D2A1AAF1E003B49D9 /* ViewController.swift */,
				0E32D80F2A1AAF1E003B49D9 /* Main.storyboard */,
				0E32D8152A1AAF20003B49D9 /* Assets.xcassets */,
				0E32D8172A1AAF20003B49D9 /* LaunchScreen.storyboard */,
				0E32D81A2A1AAF20003B49D9 /* Info.plist */,
				0E32D8122A1AAF1E003B49D9 /* iSport.xcdatamodeld */,
			);
			path = iSport;
			sourceTree = "<group>";
		};
		0E32D8222A1AAF21003B49D9 /* iSportTests */ = {
			isa = PBXGroup;
			children = (
				0E32D8232A1AAF21003B49D9 /* iSportTests.swift */,
			);
			path = iSportTests;
			sourceTree = "<group>";
		};
		0E32D82C2A1AAF21003B49D9 /* iSportUITests */ = {
			isa = PBXGroup;
			children = (
				0E32D82D2A1AAF21003B49D9 /* iSportUITests.swift */,
				0E32D82F2A1AAF21003B49D9 /* iSportUITestsLaunchTests.swift */,
			);
			path = iSportUITests;
			sourceTree = "<group>";
		};
		0E32D83C2A1AB5AE003B49D9 /* Services */ = {
			isa = PBXGroup;
			children = (
				0E32D83D2A1AB5BF003B49D9 /* Networking */,
			);
			path = Services;
			sourceTree = "<group>";
		};
		0E32D83D2A1AB5BF003B49D9 /* Networking */ = {
			isa = PBXGroup;
			children = (
				0E32D83E2A1AB5F0003B49D9 /* NetworkService.swift */,
			);
			path = Networking;
			sourceTree = "<group>";
		};
		0E32D8402A1ABA34003B49D9 /* Model */ = {
			isa = PBXGroup;
			children = (
				0E32D8422A1ABA77003B49D9 /* AllLeagues.swift */,
			);
			path = Model;
			sourceTree = "<group>";
		};
/* End PBXGroup section */

/* Begin PBXNativeTarget section */
		0E32D8052A1AAF1E003B49D9 /* iSport */ = {
			isa = PBXNativeTarget;
			buildConfigurationList = 0E32D8332A1AAF21003B49D9 /* Build configuration list for PBXNativeTarget "iSport" */;
			buildPhases = (
				0E32D8022A1AAF1E003B49D9 /* Sources */,
				0E32D8032A1AAF1E003B49D9 /* Frameworks */,
				0E32D8042A1AAF1E003B49D9 /* Resources */,
			);
			buildRules = (
			);
			dependencies = (
			);
			name = iSport;
			productName = iSport;
			productReference = 0E32D8062A1AAF1E003B49D9 /* iSport.app */;
			productType = "com.apple.product-type.application";
		};
		0E32D81E2A1AAF21003B49D9 /* iSportTests */ = {
			isa = PBXNativeTarget;
			buildConfigurationList = 0E32D8362A1AAF21003B49D9 /* Build configuration list for PBXNativeTarget "iSportTests" */;
			buildPhases = (
				0E32D81B2A1AAF21003B49D9 /* Sources */,
				0E32D81C2A1AAF21003B49D9 /* Frameworks */,
				0E32D81D2A1AAF21003B49D9 /* Resources */,
			);
			buildRules = (
			);
			dependencies = (
				0E32D8212A1AAF21003B49D9 /* PBXTargetDependency */,
			);
			name = iSportTests;
			productName = iSportTests;
			productReference = 0E32D81F2A1AAF21003B49D9 /* iSportTests.xctest */;
			productType = "com.apple.product-type.bundle.unit-test";
		};
		0E32D8282A1AAF21003B49D9 /* iSportUITests */ = {
			isa = PBXNativeTarget;
			buildConfigurationList = 0E32D8392A1AAF21003B49D9 /* Build configuration list for PBXNativeTarget "iSportUITests" */;
			buildPhases = (
				0E32D8252A1AAF21003B49D9 /* Sources */,
				0E32D8262A1AAF21003B49D9 /* Frameworks */,
				0E32D8272A1AAF21003B49D9 /* Resources */,
			);
			buildRules = (
			);
			dependencies = (
				0E32D82B2A1AAF21003B49D9 /* PBXTargetDependency */,
			);
			name = iSportUITests;
			productName = iSportUITests;
			productReference = 0E32D8292A1AAF21003B49D9 /* iSportUITests.xctest */;
			productType = "com.apple.product-type.bundle.ui-testing";
		};
/* End PBXNativeTarget section */

/* Begin PBXProject section */
		0E32D7FE2A1AAF1E003B49D9 /* Project object */ = {
			isa = PBXProject;
			attributes = {
				BuildIndependentTargetsInParallel = 1;
				LastSwiftUpdateCheck = 1430;
				LastUpgradeCheck = 1430;
				TargetAttributes = {
					0E32D8052A1AAF1E003B49D9 = {
						CreatedOnToolsVersion = 14.3;
					};
					0E32D81E2A1AAF21003B49D9 = {
						CreatedOnToolsVersion = 14.3;
						TestTargetID = 0E32D8052A1AAF1E003B49D9;
					};
					0E32D8282A1AAF21003B49D9 = {
						CreatedOnToolsVersion = 14.3;
						TestTargetID = 0E32D8052A1AAF1E003B49D9;
					};
				};
			};
			buildConfigurationList = 0E32D8012A1AAF1E003B49D9 /* Build configuration list for PBXProject "iSport" */;
			compatibilityVersion = "Xcode 14.0";
			developmentRegion = en;
			hasScannedForEncodings = 0;
			knownRegions = (
				en,
				Base,
			);
			mainGroup = 0E32D7FD2A1AAF1E003B49D9;
			productRefGroup = 0E32D8072A1AAF1E003B49D9 /* Products */;
			projectDirPath = "";
			projectRoot = "";
			targets = (
				0E32D8052A1AAF1E003B49D9 /* iSport */,
				0E32D81E2A1AAF21003B49D9 /* iSportTests */,
				0E32D8282A1AAF21003B49D9 /* iSportUITests */,
			);
		};
/* End PBXProject section */

/* Begin PBXResourcesBuildPhase section */
		0E32D8042A1AAF1E003B49D9 /* Resources */ = {
			isa = PBXResourcesBuildPhase;
			buildActionMask = 2147483647;
			files = (
				0E32D8192A1AAF20003B49D9 /* LaunchScreen.storyboard in Resources */,
				0E32D8162A1AAF20003B49D9 /* Assets.xcassets in Resources */,
				0E32D8112A1AAF1E003B49D9 /* Main.storyboard in Resources */,
			);
			runOnlyForDeploymentPostprocessing = 0;
		};
		0E32D81D2A1AAF21003B49D9 /* Resources */ = {
			isa = PBXResourcesBuildPhase;
			buildActionMask = 2147483647;
			files = (
			);
			runOnlyForDeploymentPostprocessing = 0;
		};
		0E32D8272A1AAF21003B49D9 /* Resources */ = {
			isa = PBXResourcesBuildPhase;
			buildActionMask = 2147483647;
			files = (
			);
			runOnlyForDeploymentPostprocessing = 0;
		};
/* End PBXResourcesBuildPhase section */

/* Begin PBXSourcesBuildPhase section */
		0E32D8022A1AAF1E003B49D9 /* Sources */ = {
			isa = PBXSourcesBuildPhase;
			buildActionMask = 2147483647;
			files = (
				0E32D83F2A1AB5F0003B49D9 /* NetworkService.swift in Sources */,
				0E32D8142A1AAF1E003B49D9 /* iSport.xcdatamodeld in Sources */,
				0E32D80E2A1AAF1E003B49D9 /* ViewController.swift in Sources */,
				0E32D80A2A1AAF1E003B49D9 /* AppDelegate.swift in Sources */,
				0E32D8432A1ABA77003B49D9 /* AllLeagues.swift in Sources */,
				0E32D80C2A1AAF1E003B49D9 /* SceneDelegate.swift in Sources */,
			);
			runOnlyForDeploymentPostprocessing = 0;
		};
		0E32D81B2A1AAF21003B49D9 /* Sources */ = {
			isa = PBXSourcesBuildPhase;
			buildActionMask = 2147483647;
			files = (
				0E32D8242A1AAF21003B49D9 /* iSportTests.swift in Sources */,
			);
			runOnlyForDeploymentPostprocessing = 0;
		};
		0E32D8252A1AAF21003B49D9 /* Sources */ = {
			isa = PBXSourcesBuildPhase;
			buildActionMask = 2147483647;
			files = (
				0E32D82E2A1AAF21003B49D9 /* iSportUITests.swift in Sources */,
				0E32D8302A1AAF21003B49D9 /* iSportUITestsLaunchTests.swift in Sources */,
			);
			runOnlyForDeploymentPostprocessing = 0;
		};
/* End PBXSourcesBuildPhase section */

/* Begin PBXTargetDependency section */
		0E32D8212A1AAF21003B49D9 /* PBXTargetDependency */ = {
			isa = PBXTargetDependency;
			target = 0E32D8052A1AAF1E003B49D9 /* iSport */;
			targetProxy = 0E32D8202A1AAF21003B49D9 /* PBXContainerItemProxy */;
		};
		0E32D82B2A1AAF21003B49D9 /* PBXTargetDependency */ = {
			isa = PBXTargetDependency;
			target = 0E32D8052A1AAF1E003B49D9 /* iSport */;
			targetProxy = 0E32D82A2A1AAF21003B49D9 /* PBXContainerItemProxy */;
		};
/* End PBXTargetDependency section */

/* Begin PBXVariantGroup section */
		0E32D80F2A1AAF1E003B49D9 /* Main.storyboard */ = {
			isa = PBXVariantGroup;
			children = (
				0E32D8102A1AAF1E003B49D9 /* Base */,
			);
			name = Main.storyboard;
			sourceTree = "<group>";
		};
		0E32D8172A1AAF20003B49D9 /* LaunchScreen.storyboard */ = {
			isa = PBXVariantGroup;
			children = (
				0E32D8182A1AAF20003B49D9 /* Base */,
			);
			name = LaunchScreen.storyboard;
			sourceTree = "<group>";
		};
/* End PBXVariantGroup section */

/* Begin XCBuildConfiguration section */
		0E32D8312A1AAF21003B49D9 /* Debug */ = {
			isa = XCBuildConfiguration;
			buildSettings = {
				ALWAYS_SEARCH_USER_PATHS = NO;
				CLANG_ANALYZER_NONNULL = YES;
				CLANG_ANALYZER_NUMBER_OBJECT_CONVERSION = YES_AGGRESSIVE;
				CLANG_CXX_LANGUAGE_STANDARD = "gnu++20";
				CLANG_ENABLE_MODULES = YES;
				CLANG_ENABLE_OBJC_ARC = YES;
				CLANG_ENABLE_OBJC_WEAK = YES;
				CLANG_WARN_BLOCK_CAPTURE_AUTORELEASING = YES;
				CLANG_WARN_BOOL_CONVERSION = YES;
				CLANG_WARN_COMMA = YES;
				CLANG_WARN_CONSTANT_CONVERSION = YES;
				CLANG_WARN_DEPRECATED_OBJC_IMPLEMENTATIONS = YES;
				CLANG_WARN_DIRECT_OBJC_ISA_USAGE = YES_ERROR;
				CLANG_WARN_DOCUMENTATION_COMMENTS = YES;
				CLANG_WARN_EMPTY_BODY = YES;
				CLANG_WARN_ENUM_CONVERSION = YES;
				CLANG_WARN_INFINITE_RECURSION = YES;
				CLANG_WARN_INT_CONVERSION = YES;
				CLANG_WARN_NON_LITERAL_NULL_CONVERSION = YES;
				CLANG_WARN_OBJC_IMPLICIT_RETAIN_SELF = YES;
				CLANG_WARN_OBJC_LITERAL_CONVERSION = YES;
				CLANG_WARN_OBJC_ROOT_CLASS = YES_ERROR;
				CLANG_WARN_QUOTED_INCLUDE_IN_FRAMEWORK_HEADER = YES;
				CLANG_WARN_RANGE_LOOP_ANALYSIS = YES;
				CLANG_WARN_STRICT_PROTOTYPES = YES;
				CLANG_WARN_SUSPICIOUS_MOVE = YES;
				CLANG_WARN_UNGUARDED_AVAILABILITY = YES_AGGRESSIVE;
				CLANG_WARN_UNREACHABLE_CODE = YES;
				CLANG_WARN__DUPLICATE_METHOD_MATCH = YES;
				COPY_PHASE_STRIP = NO;
				DEBUG_INFORMATION_FORMAT = dwarf;
				ENABLE_STRICT_OBJC_MSGSEND = YES;
				ENABLE_TESTABILITY = YES;
				GCC_C_LANGUAGE_STANDARD = gnu11;
				GCC_DYNAMIC_NO_PIC = NO;
				GCC_NO_COMMON_BLOCKS = YES;
				GCC_OPTIMIZATION_LEVEL = 0;
				GCC_PREPROCESSOR_DEFINITIONS = (
					"DEBUG=1",
					"$(inherited)",
				);
				GCC_WARN_64_TO_32_BIT_CONVERSION = YES;
				GCC_WARN_ABOUT_RETURN_TYPE = YES_ERROR;
				GCC_WARN_UNDECLARED_SELECTOR = YES;
				GCC_WARN_UNINITIALIZED_AUTOS = YES_AGGRESSIVE;
				GCC_WARN_UNUSED_FUNCTION = YES;
				GCC_WARN_UNUSED_VARIABLE = YES;
				IPHONEOS_DEPLOYMENT_TARGET = 16.4;
				MTL_ENABLE_DEBUG_INFO = INCLUDE_SOURCE;
				MTL_FAST_MATH = YES;
				ONLY_ACTIVE_ARCH = YES;
				SDKROOT = iphoneos;
				SWIFT_ACTIVE_COMPILATION_CONDITIONS = DEBUG;
				SWIFT_OPTIMIZATION_LEVEL = "-Onone";
			};
			name = Debug;
		};
		0E32D8322A1AAF21003B49D9 /* Release */ = {
			isa = XCBuildConfiguration;
			buildSettings = {
				ALWAYS_SEARCH_USER_PATHS = NO;
				CLANG_ANALYZER_NONNULL = YES;
				CLANG_ANALYZER_NUMBER_OBJECT_CONVERSION = YES_AGGRESSIVE;
				CLANG_CXX_LANGUAGE_STANDARD = "gnu++20";
				CLANG_ENABLE_MODULES = YES;
				CLANG_ENABLE_OBJC_ARC = YES;
				CLANG_ENABLE_OBJC_WEAK = YES;
				CLANG_WARN_BLOCK_CAPTURE_AUTORELEASING = YES;
				CLANG_WARN_BOOL_CONVERSION = YES;
				CLANG_WARN_COMMA = YES;
				CLANG_WARN_CONSTANT_CONVERSION = YES;
				CLANG_WARN_DEPRECATED_OBJC_IMPLEMENTATIONS = YES;
				CLANG_WARN_DIRECT_OBJC_ISA_USAGE = YES_ERROR;
				CLANG_WARN_DOCUMENTATION_COMMENTS = YES;
				CLANG_WARN_EMPTY_BODY = YES;
				CLANG_WARN_ENUM_CONVERSION = YES;
				CLANG_WARN_INFINITE_RECURSION = YES;
				CLANG_WARN_INT_CONVERSION = YES;
				CLANG_WARN_NON_LITERAL_NULL_CONVERSION = YES;
				CLANG_WARN_OBJC_IMPLICIT_RETAIN_SELF = YES;
				CLANG_WARN_OBJC_LITERAL_CONVERSION = YES;
				CLANG_WARN_OBJC_ROOT_CLASS = YES_ERROR;
				CLANG_WARN_QUOTED_INCLUDE_IN_FRAMEWORK_HEADER = YES;
				CLANG_WARN_RANGE_LOOP_ANALYSIS = YES;
				CLANG_WARN_STRICT_PROTOTYPES = YES;
				CLANG_WARN_SUSPICIOUS_MOVE = YES;
				CLANG_WARN_UNGUARDED_AVAILABILITY = YES_AGGRESSIVE;
				CLANG_WARN_UNREACHABLE_CODE = YES;
				CLANG_WARN__DUPLICATE_METHOD_MATCH = YES;
				COPY_PHASE_STRIP = NO;
				DEBUG_INFORMATION_FORMAT = "dwarf-with-dsym";
				ENABLE_NS_ASSERTIONS = NO;
				ENABLE_STRICT_OBJC_MSGSEND = YES;
				GCC_C_LANGUAGE_STANDARD = gnu11;
				GCC_NO_COMMON_BLOCKS = YES;
				GCC_WARN_64_TO_32_BIT_CONVERSION = YES;
				GCC_WARN_ABOUT_RETURN_TYPE = YES_ERROR;
				GCC_WARN_UNDECLARED_SELECTOR = YES;
				GCC_WARN_UNINITIALIZED_AUTOS = YES_AGGRESSIVE;
				GCC_WARN_UNUSED_FUNCTION = YES;
				GCC_WARN_UNUSED_VARIABLE = YES;
				IPHONEOS_DEPLOYMENT_TARGET = 16.4;
				MTL_ENABLE_DEBUG_INFO = NO;
				MTL_FAST_MATH = YES;
				SDKROOT = iphoneos;
				SWIFT_COMPILATION_MODE = wholemodule;
				SWIFT_OPTIMIZATION_LEVEL = "-O";
				VALIDATE_PRODUCT = YES;
			};
			name = Release;
		};
		0E32D8342A1AAF21003B49D9 /* Debug */ = {
			isa = XCBuildConfiguration;
			buildSettings = {
				ASSETCATALOG_COMPILER_APPICON_NAME = AppIcon;
				ASSETCATALOG_COMPILER_GLOBAL_ACCENT_COLOR_NAME = AccentColor;
				CODE_SIGN_STYLE = Automatic;
				CURRENT_PROJECT_VERSION = 1;
				GENERATE_INFOPLIST_FILE = YES;
				INFOPLIST_FILE = iSport/Info.plist;
				INFOPLIST_KEY_UIApplicationSupportsIndirectInputEvents = YES;
				INFOPLIST_KEY_UILaunchStoryboardName = LaunchScreen;
				INFOPLIST_KEY_UIMainStoryboardFile = Main;
				INFOPLIST_KEY_UISupportedInterfaceOrientations_iPad = "UIInterfaceOrientationPortrait UIInterfaceOrientationPortraitUpsideDown UIInterfaceOrientationLandscapeLeft UIInterfaceOrientationLandscapeRight";
				INFOPLIST_KEY_UISupportedInterfaceOrientations_iPhone = "UIInterfaceOrientationPortrait UIInterfaceOrientationLandscapeLeft UIInterfaceOrientationLandscapeRight";
				LD_RUNPATH_SEARCH_PATHS = (
					"$(inherited)",
					"@executable_path/Frameworks",
				);
				MARKETING_VERSION = 1.0;
				PRODUCT_BUNDLE_IDENTIFIER = com.iti.iSport;
				PRODUCT_NAME = "$(TARGET_NAME)";
				SWIFT_EMIT_LOC_STRINGS = YES;
				SWIFT_VERSION = 5.0;
				TARGETED_DEVICE_FAMILY = "1,2";
			};
			name = Debug;
		};
		0E32D8352A1AAF21003B49D9 /* Release */ = {
			isa = XCBuildConfiguration;
			buildSettings = {
				ASSETCATALOG_COMPILER_APPICON_NAME = AppIcon;
				ASSETCATALOG_COMPILER_GLOBAL_ACCENT_COLOR_NAME = AccentColor;
				CODE_SIGN_STYLE = Automatic;
				CURRENT_PROJECT_VERSION = 1;
				GENERATE_INFOPLIST_FILE = YES;
				INFOPLIST_FILE = iSport/Info.plist;
				INFOPLIST_KEY_UIApplicationSupportsIndirectInputEvents = YES;
				INFOPLIST_KEY_UILaunchStoryboardName = LaunchScreen;
				INFOPLIST_KEY_UIMainStoryboardFile = Main;
				INFOPLIST_KEY_UISupportedInterfaceOrientations_iPad = "UIInterfaceOrientationPortrait UIInterfaceOrientationPortraitUpsideDown UIInterfaceOrientationLandscapeLeft UIInterfaceOrientationLandscapeRight";
				INFOPLIST_KEY_UISupportedInterfaceOrientations_iPhone = "UIInterfaceOrientationPortrait UIInterfaceOrientationLandscapeLeft UIInterfaceOrientationLandscapeRight";
				LD_RUNPATH_SEARCH_PATHS = (
					"$(inherited)",
					"@executable_path/Frameworks",
				);
				MARKETING_VERSION = 1.0;
				PRODUCT_BUNDLE_IDENTIFIER = com.iti.iSport;
				PRODUCT_NAME = "$(TARGET_NAME)";
				SWIFT_EMIT_LOC_STRINGS = YES;
				SWIFT_VERSION = 5.0;
				TARGETED_DEVICE_FAMILY = "1,2";
			};
			name = Release;
		};
		0E32D8372A1AAF21003B49D9 /* Debug */ = {
			isa = XCBuildConfiguration;
			buildSettings = {
				ALWAYS_EMBED_SWIFT_STANDARD_LIBRARIES = YES;
				BUNDLE_LOADER = "$(TEST_HOST)";
				CODE_SIGN_STYLE = Automatic;
				CURRENT_PROJECT_VERSION = 1;
				GENERATE_INFOPLIST_FILE = YES;
				IPHONEOS_DEPLOYMENT_TARGET = 16.4;
				MARKETING_VERSION = 1.0;
				PRODUCT_BUNDLE_IDENTIFIER = com.iti.iSportTests;
				PRODUCT_NAME = "$(TARGET_NAME)";
				SWIFT_EMIT_LOC_STRINGS = NO;
				SWIFT_VERSION = 5.0;
				TARGETED_DEVICE_FAMILY = "1,2";
				TEST_HOST = "$(BUILT_PRODUCTS_DIR)/iSport.app/$(BUNDLE_EXECUTABLE_FOLDER_PATH)/iSport";
			};
			name = Debug;
		};
		0E32D8382A1AAF21003B49D9 /* Release */ = {
			isa = XCBuildConfiguration;
			buildSettings = {
				ALWAYS_EMBED_SWIFT_STANDARD_LIBRARIES = YES;
				BUNDLE_LOADER = "$(TEST_HOST)";
				CODE_SIGN_STYLE = Automatic;
				CURRENT_PROJECT_VERSION = 1;
				GENERATE_INFOPLIST_FILE = YES;
				IPHONEOS_DEPLOYMENT_TARGET = 16.4;
				MARKETING_VERSION = 1.0;
				PRODUCT_BUNDLE_IDENTIFIER = com.iti.iSportTests;
				PRODUCT_NAME = "$(TARGET_NAME)";
				SWIFT_EMIT_LOC_STRINGS = NO;
				SWIFT_VERSION = 5.0;
				TARGETED_DEVICE_FAMILY = "1,2";
				TEST_HOST = "$(BUILT_PRODUCTS_DIR)/iSport.app/$(BUNDLE_EXECUTABLE_FOLDER_PATH)/iSport";
			};
			name = Release;
		};
		0E32D83A2A1AAF21003B49D9 /* Debug */ = {
			isa = XCBuildConfiguration;
			buildSettings = {
				ALWAYS_EMBED_SWIFT_STANDARD_LIBRARIES = YES;
				CODE_SIGN_STYLE = Automatic;
				CURRENT_PROJECT_VERSION = 1;
				GENERATE_INFOPLIST_FILE = YES;
				MARKETING_VERSION = 1.0;
				PRODUCT_BUNDLE_IDENTIFIER = com.iti.iSportUITests;
				PRODUCT_NAME = "$(TARGET_NAME)";
				SWIFT_EMIT_LOC_STRINGS = NO;
				SWIFT_VERSION = 5.0;
				TARGETED_DEVICE_FAMILY = "1,2";
				TEST_TARGET_NAME = iSport;
			};
			name = Debug;
		};
		0E32D83B2A1AAF21003B49D9 /* Release */ = {
			isa = XCBuildConfiguration;
			buildSettings = {
				ALWAYS_EMBED_SWIFT_STANDARD_LIBRARIES = YES;
				CODE_SIGN_STYLE = Automatic;
				CURRENT_PROJECT_VERSION = 1;
				GENERATE_INFOPLIST_FILE = YES;
				MARKETING_VERSION = 1.0;
				PRODUCT_BUNDLE_IDENTIFIER = com.iti.iSportUITests;
				PRODUCT_NAME = "$(TARGET_NAME)";
				SWIFT_EMIT_LOC_STRINGS = NO;
				SWIFT_VERSION = 5.0;
				TARGETED_DEVICE_FAMILY = "1,2";
				TEST_TARGET_NAME = iSport;
			};
			name = Release;
		};
/* End XCBuildConfiguration section */

/* Begin XCConfigurationList section */
		0E32D8012A1AAF1E003B49D9 /* Build configuration list for PBXProject "iSport" */ = {
			isa = XCConfigurationList;
			buildConfigurations = (
				0E32D8312A1AAF21003B49D9 /* Debug */,
				0E32D8322A1AAF21003B49D9 /* Release */,
			);
			defaultConfigurationIsVisible = 0;
			defaultConfigurationName = Release;
		};
		0E32D8332A1AAF21003B49D9 /* Build configuration list for PBXNativeTarget "iSport" */ = {
			isa = XCConfigurationList;
			buildConfigurations = (
				0E32D8342A1AAF21003B49D9 /* Debug */,
				0E32D8352A1AAF21003B49D9 /* Release */,
			);
			defaultConfigurationIsVisible = 0;
			defaultConfigurationName = Release;
		};
		0E32D8362A1AAF21003B49D9 /* Build configuration list for PBXNativeTarget "iSportTests" */ = {
			isa = XCConfigurationList;
			buildConfigurations = (
				0E32D8372A1AAF21003B49D9 /* Debug */,
				0E32D8382A1AAF21003B49D9 /* Release */,
			);
			defaultConfigurationIsVisible = 0;
			defaultConfigurationName = Release;
		};
		0E32D8392A1AAF21003B49D9 /* Build configuration list for PBXNativeTarget "iSportUITests" */ = {
			isa = XCConfigurationList;
			buildConfigurations = (
				0E32D83A2A1AAF21003B49D9 /* Debug */,
				0E32D83B2A1AAF21003B49D9 /* Release */,
			);
			defaultConfigurationIsVisible = 0;
			defaultConfigurationName = Release;
		};
/* End XCConfigurationList section */

/* Begin XCVersionGroup section */
		0E32D8122A1AAF1E003B49D9 /* iSport.xcdatamodeld */ = {
			isa = XCVersionGroup;
			children = (
				0E32D8132A1AAF1E003B49D9 /* iSport.xcdatamodel */,
			);
			currentVersion = 0E32D8132A1AAF1E003B49D9 /* iSport.xcdatamodel */;
			path = iSport.xcdatamodeld;
			sourceTree = "<group>";
			versionGroupType = wrapper.xcdatamodel;
		};
/* End XCVersionGroup section */
	};
	rootObject = 0E32D7FE2A1AAF1E003B49D9 /* Project object */;
}
